
Microsoft Visual Studio Solution File, Format Version 12.00
# Visual Studio Version 16
VisualStudioVersion = 16.0.29009.5
MinimumVisualStudioVersion = 10.0.40219.1
Project("{FAE04EC0-301F-11D3-BF4B-00C04F79EFBC}") = "CosmosDbDemo", "CosmosDbDemo\CosmosDbDemo.csproj", "{B5812242-75A1-453D-9550-2F97D97B310A}"
EndProject
Project("{9A19103F-16F7-4668-BE54-9A1E7A4F7556}") = "Infrastructure.CosmosDb", "Infrastructure.CosmosDb\Infrastructure.CosmosDb.csproj", "{2665A458-4392-47B4-AD89-188D514AE118}"
EndProject
Global
	GlobalSection(SolutionConfigurationPlatforms) = preSolution
		Debug|Any CPU = Debug|Any CPU
		Release|Any CPU = Release|Any CPU
	EndGlobalSection
	GlobalSection(ProjectConfigurationPlatforms) = postSolution
		{B5812242-75A1-453D-9550-2F97D97B310A}.Debug|Any CPU.ActiveCfg = Debug|Any CPU
		{B5812242-75A1-453D-9550-2F97D97B310A}.Debug|Any CPU.Build.0 = Debug|Any CPU
		{B5812242-75A1-453D-9550-2F97D97B310A}.Release|Any CPU.ActiveCfg = Release|Any CPU
		{B5812242-75A1-453D-9550-2F97D97B310A}.Release|Any CPU.Build.0 = Release|Any CPU
		{2665A458-4392-47B4-AD89-188D514AE118}.Debug|Any CPU.ActiveCfg = Debug|Any CPU
		{2665A458-4392-47B4-AD89-188D514AE118}.Debug|Any CPU.Build.0 = Debug|Any CPU
		{2665A458-4392-47B4-AD89-188D514AE118}.Release|Any CPU.ActiveCfg = Release|Any CPU
		{2665A458-4392-47B4-AD89-188D514AE118}.Release|Any CPU.Build.0 = Release|Any CPU
	EndGlobalSection
	GlobalSection(SolutionProperties) = preSolution
		HideSolutionNode = FALSE
	EndGlobalSection
	GlobalSection(ExtensibilityGlobals) = postSolution
		SolutionGuid = {D5359049-06FD-4795-A4D9-573552C2ADFB}
	EndGlobalSection
EndGlobal
